
Microsoft Visual Studio Solution File, Format Version 12.00
# Visual Studio 15
VisualStudioVersion = 15.0.27004.2002
MinimumVisualStudioVersion = 10.0.40219.1
Project("{E24C65DC-7377-472B-9ABA-BC803B73C61A}") = "RentACarWebsite", "..\..\WebSites\RentACarWebsite\", "{F4E98E6E-FE16-46DB-8B92-19A675A30230}"
	ProjectSection(WebsiteProperties) = preProject
		TargetFrameworkMoniker = ".NETFramework,Version%3Dv4.6.1"
		Debug.AspNetCompiler.VirtualPath = "/localhost_58504"
		Debug.AspNetCompiler.PhysicalPath = "..\..\WebSites\RentACarWebsite\"
		Debug.AspNetCompiler.TargetPath = "PrecompiledWeb\localhost_58504\"
		Debug.AspNetCompiler.Updateable = "true"
		Debug.AspNetCompiler.ForceOverwrite = "true"
		Debug.AspNetCompiler.FixedNames = "false"
		Debug.AspNetCompiler.Debug = "True"
		Release.AspNetCompiler.VirtualPath = "/localhost_58504"
		Release.AspNetCompiler.PhysicalPath = "..\..\WebSites\RentACarWebsite\"
		Release.AspNetCompiler.TargetPath = "PrecompiledWeb\localhost_58504\"
		Release.AspNetCompiler.Updateable = "true"
		Release.AspNetCompiler.ForceOverwrite = "true"
		Release.AspNetCompiler.FixedNames = "false"
		Release.AspNetCompiler.Debug = "False"
		VWDPort = "58504"
		SlnRelativePath = "..\..\WebSites\RentACarWebsite\"
		DefaultWebSiteLanguage = "Visual C#"
	EndProjectSection
EndProject
Global
	GlobalSection(SolutionConfigurationPlatforms) = preSolution
		Debug|Any CPU = Debug|Any CPU
	EndGlobalSection
	GlobalSection(ProjectConfigurationPlatforms) = postSolution
		{F4E98E6E-FE16-46DB-8B92-19A675A30230}.Debug|Any CPU.ActiveCfg = Debug|Any CPU
		{F4E98E6E-FE16-46DB-8B92-19A675A30230}.Debug|Any CPU.Build.0 = Debug|Any CPU
	EndGlobalSection
	GlobalSection(SolutionProperties) = preSolution
		HideSolutionNode = FALSE
	EndGlobalSection
	GlobalSection(ExtensibilityGlobals) = postSolution
		SolutionGuid = {97FC82A2-DCDD-477E-8B73-2A8ECC28D090}
	EndGlobalSection
EndGlobal
